{
  "version": 4,
  "terraform_version": "1.7.4",
  "serial": 3,
  "lineage": "7da1d075-d6e2-a801-db71-5ef849c0808a",
  "outputs": {},
  "resources": [
    {
      "mode": "managed",
      "type": "github_repository",
      "name": "terraform-First-repo",
      "provider": "provider[\"registry.terraform.io/integrations/github\"]",
      "instances": [
        {
          "schema_version": 1,
          "attributes": {
            "allow_auto_merge": false,
            "allow_merge_commit": true,
            "allow_rebase_merge": true,
            "allow_squash_merge": true,
            "allow_update_branch": false,
            "archive_on_destroy": null,
            "archived": false,
            "auto_init": true,
            "default_branch": "main",
            "delete_branch_on_merge": false,
            "description": "This repo is coded in terraform",
            "etag": "W/\"d4780e60599ba42cfcdea55adc6fb99e258a9558ba9687aee63d687858186184\"",
            "full_name": "Nitesh0ne/First-Repo-From-Terraform",
            "git_clone_url": "git://github.com/Nitesh0ne/First-Repo-From-Terraform.git",
            "gitignore_template": null,
            "has_discussions": false,
            "has_downloads": false,
            "has_issues": false,
            "has_projects": false,
            "has_wiki": false,
            "homepage_url": "",
            "html_url": "https://github.com/Nitesh0ne/First-Repo-From-Terraform",
            "http_clone_url": "https://github.com/Nitesh0ne/First-Repo-From-Terraform.git",
            "id": "First-Repo-From-Terraform",
            "ignore_vulnerability_alerts_during_read": null,
            "is_template": false,
            "license_template": null,
            "merge_commit_message": "PR_TITLE",
            "merge_commit_title": "MERGE_MESSAGE",
            "name": "First-Repo-From-Terraform",
            "node_id": "R_kgDOLYOLAQ",
            "pages": [],
            "primary_language": "",
            "private": false,
            "repo_id": 763595521,
            "security_and_analysis": [
              {
                "advanced_security": [],
                "secret_scanning": [
                  {
                    "status": "disabled"
                  }
                ],
                "secret_scanning_push_protection": [
                  {
                    "status": "disabled"
                  }
                ]
              }
            ],
            "squash_merge_commit_message": "COMMIT_MESSAGES",
            "squash_merge_commit_title": "COMMIT_OR_PR_TITLE",
            "ssh_clone_url": "git@github.com:Nitesh0ne/First-Repo-From-Terraform.git",
            "svn_url": "https://github.com/Nitesh0ne/First-Repo-From-Terraform",
            "template": [],
            "topics": [],
            "visibility": "public",
            "vulnerability_alerts": false,
            "web_commit_signoff_required": false
          },
          "sensitive_attributes": [],
          "private": "eyJzY2hlbWFfdmVyc2lvbiI6IjEifQ=="
        }
      ]
    }
  ],
  "check_results": null
}
